// !$*UTF8*$!
{
	archiveVersion = 1;
	classes = {
	};
	objectVersion = 46;
	objects = {

/* Begin PBXBuildFile section */
		8C72B31F18E2B06100A2D90D /* OrderData.m in Sources */ = {isa = PBXBuildFile; fileRef = 8C72B31E18E2B06100A2D90D /* OrderData.m */; };
		8C7EAC7F18E00C02009D6171 /* Foundation.framework in Frameworks */ = {isa = PBXBuildFile; fileRef = 8C7EAC7E18E00C02009D6171 /* Foundation.framework */; };
		8C7EAC8118E00C02009D6171 /* CoreGraphics.framework in Frameworks */ = {isa = PBXBuildFile; fileRef = 8C7EAC8018E00C02009D6171 /* CoreGraphics.framework */; };
		8C7EAC8318E00C02009D6171 /* UIKit.framework in Frameworks */ = {isa = PBXBuildFile; fileRef = 8C7EAC8218E00C02009D6171 /* UIKit.framework */; };
		8C7EAC8918E00C02009D6171 /* InfoPlist.strings in Resources */ = {isa = PBXBuildFile; fileRef = 8C7EAC8718E00C02009D6171 /* InfoPlist.strings */; };
		8C7EAC8B18E00C02009D6171 /* main.m in Sources */ = {isa = PBXBuildFile; fileRef = 8C7EAC8A18E00C02009D6171 /* main.m */; };
		8C7EAC8F18E00C02009D6171 /* AppDelegate.m in Sources */ = {isa = PBXBuildFile; fileRef = 8C7EAC8E18E00C02009D6171 /* AppDelegate.m */; };
		8C7EAC9218E00C02009D6171 /* Main.storyboard in Resources */ = {isa = PBXBuildFile; fileRef = 8C7EAC9018E00C02009D6171 /* Main.storyboard */; };
		8C7EAC9518E00C02009D6171 /* ViewController.m in Sources */ = {isa = PBXBuildFile; fileRef = 8C7EAC9418E00C02009D6171 /* ViewController.m */; };
		8C7EAC9718E00C02009D6171 /* Images.xcassets in Resources */ = {isa = PBXBuildFile; fileRef = 8C7EAC9618E00C02009D6171 /* Images.xcassets */; };
		8C7EAC9E18E00C02009D6171 /* XCTest.framework in Frameworks */ = {isa = PBXBuildFile; fileRef = 8C7EAC9D18E00C02009D6171 /* XCTest.framework */; };
		8C7EAC9F18E00C02009D6171 /* Foundation.framework in Frameworks */ = {isa = PBXBuildFile; fileRef = 8C7EAC7E18E00C02009D6171 /* Foundation.framework */; };
		8C7EACA018E00C02009D6171 /* UIKit.framework in Frameworks */ = {isa = PBXBuildFile; fileRef = 8C7EAC8218E00C02009D6171 /* UIKit.framework */; };
		8C7EACA818E00C02009D6171 /* InfoPlist.strings in Resources */ = {isa = PBXBuildFile; fileRef = 8C7EACA618E00C02009D6171 /* InfoPlist.strings */; };
		8C7EACAA18E00C02009D6171 /* readyProductListTests.m in Sources */ = {isa = PBXBuildFile; fileRef = 8C7EACA918E00C02009D6171 /* readyProductListTests.m */; };
		8C7EACB418E01079009D6171 /* ProductCell.xib in Resources */ = {isa = PBXBuildFile; fileRef = 8C7EACB318E01079009D6171 /* ProductCell.xib */; };
		8C7EACB718E0125D009D6171 /* ProductCell.m in Sources */ = {isa = PBXBuildFile; fileRef = 8C7EACB618E0125D009D6171 /* ProductCell.m */; };
		8C7EACBD18E016E5009D6171 /* ProductList.m in Sources */ = {isa = PBXBuildFile; fileRef = 8C7EACBC18E016E5009D6171 /* ProductList.m */; };
		8C7EACBF18E01745009D6171 /* ProductList.xib in Resources */ = {isa = PBXBuildFile; fileRef = 8C7EACBE18E01745009D6171 /* ProductList.xib */; };
		8C7EACC518E0326B009D6171 /* product4.png in Resources */ = {isa = PBXBuildFile; fileRef = 8C7EACC118E0326B009D6171 /* product4.png */; };
		8C7EACC618E0326B009D6171 /* product3.png in Resources */ = {isa = PBXBuildFile; fileRef = 8C7EACC218E0326B009D6171 /* product3.png */; };
		8C7EACC718E0326B009D6171 /* product2.png in Resources */ = {isa = PBXBuildFile; fileRef = 8C7EACC318E0326B009D6171 /* product2.png */; };
		8C7EACC818E0326B009D6171 /* product1.png in Resources */ = {isa = PBXBuildFile; fileRef = 8C7EACC418E0326B009D6171 /* product1.png */; };
		8CDBFC6818E1161600ECE5DE /* ProductUnSel.png in Resources */ = {isa = PBXBuildFile; fileRef = 8CDBFC6618E1161600ECE5DE /* ProductUnSel.png */; };
		8CDBFC6918E1161600ECE5DE /* Productsel.png in Resources */ = {isa = PBXBuildFile; fileRef = 8CDBFC6718E1161600ECE5DE /* Productsel.png */; };
/* End PBXBuildFile section */

/* Begin PBXContainerItemProxy section */
		8C7EACA118E00C02009D6171 /* PBXContainerItemProxy */ = {
			isa = PBXContainerItemProxy;
			containerPortal = 8C7EAC7318E00C02009D6171 /* Project object */;
			proxyType = 1;
			remoteGlobalIDString = 8C7EAC7A18E00C02009D6171;
			remoteInfo = readyProductList;
		};
/* End PBXContainerItemProxy section */

/* Begin PBXFileReference section */
		8C72B31D18E2B06100A2D90D /* OrderData.h */ = {isa = PBXFileReference; fileEncoding = 4; lastKnownFileType = sourcecode.c.h; path = OrderData.h; sourceTree = "<group>"; };
		8C72B31E18E2B06100A2D90D /* OrderData.m */ = {isa = PBXFileReference; fileEncoding = 4; lastKnownFileType = sourcecode.c.objc; path = OrderData.m; sourceTree = "<group>"; };
		8C7EAC7B18E00C02009D6171 /* readyProductList.app */ = {isa = PBXFileReference; explicitFileType = wrapper.application; includeInIndex = 0; path = readyProductList.app; sourceTree = BUILT_PRODUCTS_DIR; };
		8C7EAC7E18E00C02009D6171 /* Foundation.framework */ = {isa = PBXFileReference; lastKnownFileType = wrapper.framework; name = Foundation.framework; path = System/Library/Frameworks/Foundation.framework; sourceTree = SDKROOT; };
		8C7EAC8018E00C02009D6171 /* CoreGraphics.framework */ = {isa = PBXFileReference; lastKnownFileType = wrapper.framework; name = CoreGraphics.framework; path = System/Library/Frameworks/CoreGraphics.framework; sourceTree = SDKROOT; };
		8C7EAC8218E00C02009D6171 /* UIKit.framework */ = {isa = PBXFileReference; lastKnownFileType = wrapper.framework; name = UIKit.framework; path = System/Library/Frameworks/UIKit.framework; sourceTree = SDKROOT; };
		8C7EAC8618E00C02009D6171 /* readyProductList-Info.plist */ = {isa = PBXFileReference; lastKnownFileType = text.plist.xml; path = "readyProductList-Info.plist"; sourceTree = "<group>"; };
		8C7EAC8818E00C02009D6171 /* en */ = {isa = PBXFileReference; lastKnownFileType = text.plist.strings; name = en; path = en.lproj/InfoPlist.strings; sourceTree = "<group>"; };
		8C7EAC8A18E00C02009D6171 /* main.m */ = {isa = PBXFileReference; lastKnownFileType = sourcecode.c.objc; path = main.m; sourceTree = "<group>"; };
		8C7EAC8C18E00C02009D6171 /* readyProductList-Prefix.pch */ = {isa = PBXFileReference; lastKnownFileType = sourcecode.c.h; path = "readyProductList-Prefix.pch"; sourceTree = "<group>"; };
		8C7EAC8D18E00C02009D6171 /* AppDelegate.h */ = {isa = PBXFileReference; lastKnownFileType = sourcecode.c.h; path = AppDelegate.h; sourceTree = "<group>"; };
		8C7EAC8E18E00C02009D6171 /* AppDelegate.m */ = {isa = PBXFileReference; lastKnownFileType = sourcecode.c.objc; path = AppDelegate.m; sourceTree = "<group>"; };
		8C7EAC9118E00C02009D6171 /* Base */ = {isa = PBXFileReference; lastKnownFileType = file.storyboard; name = Base; path = Base.lproj/Main.storyboard; sourceTree = "<group>"; };
		8C7EAC9318E00C02009D6171 /* ViewController.h */ = {isa = PBXFileReference; lastKnownFileType = sourcecode.c.h; path = ViewController.h; sourceTree = "<group>"; };
		8C7EAC9418E00C02009D6171 /* ViewController.m */ = {isa = PBXFileReference; lastKnownFileType = sourcecode.c.objc; path = ViewController.m; sourceTree = "<group>"; };
		8C7EAC9618E00C02009D6171 /* Images.xcassets */ = {isa = PBXFileReference; lastKnownFileType = folder.assetcatalog; path = Images.xcassets; sourceTree = "<group>"; };
		8C7EAC9C18E00C02009D6171 /* readyProductListTests.xctest */ = {isa = PBXFileReference; explicitFileType = wrapper.cfbundle; includeInIndex = 0; path = readyProductListTests.xctest; sourceTree = BUILT_PRODUCTS_DIR; };
		8C7EAC9D18E00C02009D6171 /* XCTest.framework */ = {isa = PBXFileReference; lastKnownFileType = wrapper.framework; name = XCTest.framework; path = Library/Frameworks/XCTest.framework; sourceTree = DEVELOPER_DIR; };
		8C7EACA518E00C02009D6171 /* readyProductListTests-Info.plist */ = {isa = PBXFileReference; lastKnownFileType = text.plist.xml; path = "readyProductListTests-Info.plist"; sourceTree = "<group>"; };
		8C7EACA718E00C02009D6171 /* en */ = {isa = PBXFileReference; lastKnownFileType = text.plist.strings; name = en; path = en.lproj/InfoPlist.strings; sourceTree = "<group>"; };
		8C7EACA918E00C02009D6171 /* readyProductListTests.m */ = {isa = PBXFileReference; lastKnownFileType = sourcecode.c.objc; path = readyProductListTests.m; sourceTree = "<group>"; };
		8C7EACB318E01079009D6171 /* ProductCell.xib */ = {isa = PBXFileReference; fileEncoding = 4; lastKnownFileType = file.xib; name = ProductCell.xib; path = Sam/ProductCell.xib; sourceTree = "<group>"; };
		8C7EACB518E0125D009D6171 /* ProductCell.h */ = {isa = PBXFileReference; fileEncoding = 4; lastKnownFileType = sourcecode.c.h; name = ProductCell.h; path = Sam/ProductCell.h; sourceTree = "<group>"; };
		8C7EACB618E0125D009D6171 /* ProductCell.m */ = {isa = PBXFileReference; fileEncoding = 4; lastKnownFileType = sourcecode.c.objc; name = ProductCell.m; path = Sam/ProductCell.m; sourceTree = "<group>"; };
		8C7EACBB18E016E5009D6171 /* ProductList.h */ = {isa = PBXFileReference; fileEncoding = 4; lastKnownFileType = sourcecode.c.h; name = ProductList.h; path = Sam/ProductList.h; sourceTree = "<group>"; };
		8C7EACBC18E016E5009D6171 /* ProductList.m */ = {isa = PBXFileReference; fileEncoding = 4; lastKnownFileType = sourcecode.c.objc; name = ProductList.m; path = Sam/ProductList.m; sourceTree = "<group>"; };
		8C7EACBE18E01745009D6171 /* ProductList.xib */ = {isa = PBXFileReference; fileEncoding = 4; lastKnownFileType = file.xib; name = ProductList.xib; path = Sam/ProductList.xib; sourceTree = "<group>"; };
		8C7EACC118E0326B009D6171 /* product4.png */ = {isa = PBXFileReference; lastKnownFileType = image.png; name = product4.png; path = Images/Products/product4.png; sourceTree = "<group>"; };
		8C7EACC218E0326B009D6171 /* product3.png */ = {isa = PBXFileReference; lastKnownFileType = image.png; name = product3.png; path = Images/Products/product3.png; sourceTree = "<group>"; };
		8C7EACC318E0326B009D6171 /* product2.png */ = {isa = PBXFileReference; lastKnownFileType = image.png; name = product2.png; path = Images/Products/product2.png; sourceTree = "<group>"; };
		8C7EACC418E0326B009D6171 /* product1.png */ = {isa = PBXFileReference; lastKnownFileType = image.png; name = product1.png; path = Images/Products/product1.png; sourceTree = "<group>"; };
		8CDBFC6618E1161600ECE5DE /* ProductUnSel.png */ = {isa = PBXFileReference; lastKnownFileType = image.png; name = ProductUnSel.png; path = Images/Products/ProductUnSel.png; sourceTree = "<group>"; };
		8CDBFC6718E1161600ECE5DE /* Productsel.png */ = {isa = PBXFileReference; lastKnownFileType = image.png; name = Productsel.png; path = Images/Products/Productsel.png; sourceTree = "<group>"; };
/* End PBXFileReference section */

/* Begin PBXFrameworksBuildPhase section */
		8C7EAC7818E00C02009D6171 /* Frameworks */ = {
			isa = PBXFrameworksBuildPhase;
			buildActionMask = 2147483647;
			files = (
				8C7EAC8118E00C02009D6171 /* CoreGraphics.framework in Frameworks */,
				8C7EAC8318E00C02009D6171 /* UIKit.framework in Frameworks */,
				8C7EAC7F18E00C02009D6171 /* Foundation.framework in Frameworks */,
			);
			runOnlyForDeploymentPostprocessing = 0;
		};
		8C7EAC9918E00C02009D6171 /* Frameworks */ = {
			isa = PBXFrameworksBuildPhase;
			buildActionMask = 2147483647;
			files = (
				8C7EAC9E18E00C02009D6171 /* XCTest.framework in Frameworks */,
				8C7EACA018E00C02009D6171 /* UIKit.framework in Frameworks */,
				8C7EAC9F18E00C02009D6171 /* Foundation.framework in Frameworks */,
			);
			runOnlyForDeploymentPostprocessing = 0;
		};
/* End PBXFrameworksBuildPhase section */

/* Begin PBXGroup section */
		8C7EAC7218E00C02009D6171 = {
			isa = PBXGroup;
			children = (
				8C7EAC8418E00C02009D6171 /* readyProductList */,
				8C7EACA318E00C02009D6171 /* readyProductListTests */,
				8C7EAC7D18E00C02009D6171 /* Frameworks */,
				8C7EAC7C18E00C02009D6171 /* Products */,
			);
			sourceTree = "<group>";
		};
		8C7EAC7C18E00C02009D6171 /* Products */ = {
			isa = PBXGroup;
			children = (
				8C7EAC7B18E00C02009D6171 /* readyProductList.app */,
				8C7EAC9C18E00C02009D6171 /* readyProductListTests.xctest */,
			);
			name = Products;
			sourceTree = "<group>";
		};
		8C7EAC7D18E00C02009D6171 /* Frameworks */ = {
			isa = PBXGroup;
			children = (
				8C7EAC7E18E00C02009D6171 /* Foundation.framework */,
				8C7EAC8018E00C02009D6171 /* CoreGraphics.framework */,
				8C7EAC8218E00C02009D6171 /* UIKit.framework */,
				8C7EAC9D18E00C02009D6171 /* XCTest.framework */,
			);
			name = Frameworks;
			sourceTree = "<group>";
		};
		8C7EAC8418E00C02009D6171 /* readyProductList */ = {
			isa = PBXGroup;
			children = (
				8C7EACC018E031E8009D6171 /* images */,
				8C7EACBE18E01745009D6171 /* ProductList.xib */,
				8C7EACBB18E016E5009D6171 /* ProductList.h */,
				8C7EACBC18E016E5009D6171 /* ProductList.m */,
				8C7EAC8D18E00C02009D6171 /* AppDelegate.h */,
				8C7EAC8E18E00C02009D6171 /* AppDelegate.m */,
				8C7EAC9018E00C02009D6171 /* Main.storyboard */,
				8C7EACB318E01079009D6171 /* ProductCell.xib */,
				8C7EACB518E0125D009D6171 /* ProductCell.h */,
				8C7EACB618E0125D009D6171 /* ProductCell.m */,
				8C7EAC9318E00C02009D6171 /* ViewController.h */,
				8C7EAC9418E00C02009D6171 /* ViewController.m */,
				8C7EAC9618E00C02009D6171 /* Images.xcassets */,
				8C7EAC8518E00C02009D6171 /* Supporting Files */,
				8C72B31D18E2B06100A2D90D /* OrderData.h */,
				8C72B31E18E2B06100A2D90D /* OrderData.m */,
			);
			path = readyProductList;
			sourceTree = "<group>";
		};
		8C7EAC8518E00C02009D6171 /* Supporting Files */ = {
			isa = PBXGroup;
			children = (
				8C7EAC8618E00C02009D6171 /* readyProductList-Info.plist */,
				8C7EAC8718E00C02009D6171 /* InfoPlist.strings */,
				8C7EAC8A18E00C02009D6171 /* main.m */,
				8C7EAC8C18E00C02009D6171 /* readyProductList-Prefix.pch */,
			);
			name = "Supporting Files";
			sourceTree = "<group>";
		};
		8C7EACA318E00C02009D6171 /* readyProductListTests */ = {
			isa = PBXGroup;
			children = (
				8C7EACA918E00C02009D6171 /* readyProductListTests.m */,
				8C7EACA418E00C02009D6171 /* Supporting Files */,
			);
			path = readyProductListTests;
			sourceTree = "<group>";
		};
		8C7EACA418E00C02009D6171 /* Supporting Files */ = {
			isa = PBXGroup;
			children = (
				8C7EACA518E00C02009D6171 /* readyProductListTests-Info.plist */,
				8C7EACA618E00C02009D6171 /* InfoPlist.strings */,
			);
			name = "Supporting Files";
			sourceTree = "<group>";
		};
		8C7EACC018E031E8009D6171 /* images */ = {
			isa = PBXGroup;
			children = (
				8C7EACC118E0326B009D6171 /* product4.png */,
				8C7EACC218E0326B009D6171 /* product3.png */,
				8C7EACC318E0326B009D6171 /* product2.png */,
				8C7EACC418E0326B009D6171 /* product1.png */,
				8CDBFC6618E1161600ECE5DE /* ProductUnSel.png */,
				8CDBFC6718E1161600ECE5DE /* Productsel.png */,
			);
			name = images;
			sourceTree = "<group>";
		};
/* End PBXGroup section */

/* Begin PBXNativeTarget section */
		8C7EAC7A18E00C02009D6171 /* readyProductList */ = {
			isa = PBXNativeTarget;
			buildConfigurationList = 8C7EACAD18E00C02009D6171 /* Build configuration list for PBXNativeTarget "readyProductList" */;
			buildPhases = (
				8C7EAC7718E00C02009D6171 /* Sources */,
				8C7EAC7818E00C02009D6171 /* Frameworks */,
				8C7EAC7918E00C02009D6171 /* Resources */,
			);
			buildRules = (
			);
			dependencies = (
			);
			name = readyProductList;
			productName = readyProductList;
			productReference = 8C7EAC7B18E00C02009D6171 /* readyProductList.app */;
			productType = "com.apple.product-type.application";
		};
		8C7EAC9B18E00C02009D6171 /* readyProductListTests */ = {
			isa = PBXNativeTarget;
			buildConfigurationList = 8C7EACB018E00C02009D6171 /* Build configuration list for PBXNativeTarget "readyProductListTests" */;
			buildPhases = (
				8C7EAC9818E00C02009D6171 /* Sources */,
				8C7EAC9918E00C02009D6171 /* Frameworks */,
				8C7EAC9A18E00C02009D6171 /* Resources */,
			);
			buildRules = (
			);
			dependencies = (
				8C7EACA218E00C02009D6171 /* PBXTargetDependency */,
			);
			name = readyProductListTests;
			productName = readyProductListTests;
			productReference = 8C7EAC9C18E00C02009D6171 /* readyProductListTests.xctest */;
			productType = "com.apple.product-type.bundle.unit-test";
		};
/* End PBXNativeTarget section */

/* Begin PBXProject section */
		8C7EAC7318E00C02009D6171 /* Project object */ = {
			isa = PBXProject;
			attributes = {
				LastUpgradeCheck = 0510;
				ORGANIZATIONNAME = com.bizopstech;
				TargetAttributes = {
					8C7EAC9B18E00C02009D6171 = {
						TestTargetID = 8C7EAC7A18E00C02009D6171;
					};
				};
			};
			buildConfigurationList = 8C7EAC7618E00C02009D6171 /* Build configuration list for PBXProject "readyProductList" */;
			compatibilityVersion = "Xcode 3.2";
			developmentRegion = English;
			hasScannedForEncodings = 0;
			knownRegions = (
				en,
				Base,
			);
			mainGroup = 8C7EAC7218E00C02009D6171;
			productRefGroup = 8C7EAC7C18E00C02009D6171 /* Products */;
			projectDirPath = "";
			projectRoot = "";
			targets = (
				8C7EAC7A18E00C02009D6171 /* readyProductList */,
				8C7EAC9B18E00C02009D6171 /* readyProductListTests */,
			);
		};
/* End PBXProject section */

/* Begin PBXResourcesBuildPhase section */
		8C7EAC7918E00C02009D6171 /* Resources */ = {
			isa = PBXResourcesBuildPhase;
			buildActionMask = 2147483647;
			files = (
				8C7EAC9718E00C02009D6171 /* Images.xcassets in Resources */,
				8C7EACC618E0326B009D6171 /* product3.png in Resources */,
				8C7EACC718E0326B009D6171 /* product2.png in Resources */,
				8CDBFC6918E1161600ECE5DE /* Productsel.png in Resources */,
				8C7EACB418E01079009D6171 /* ProductCell.xib in Resources */,
				8C7EACC518E0326B009D6171 /* product4.png in Resources */,
				8C7EACC818E0326B009D6171 /* product1.png in Resources */,
				8C7EAC8918E00C02009D6171 /* InfoPlist.strings in Resources */,
				8CDBFC6818E1161600ECE5DE /* ProductUnSel.png in Resources */,
				8C7EAC9218E00C02009D6171 /* Main.storyboard in Resources */,
				8C7EACBF18E01745009D6171 /* ProductList.xib in Resources */,
			);
			runOnlyForDeploymentPostprocessing = 0;
		};
		8C7EAC9A18E00C02009D6171 /* Resources */ = {
			isa = PBXResourcesBuildPhase;
			buildActionMask = 2147483647;
			files = (
				8C7EACA818E00C02009D6171 /* InfoPlist.strings in Resources */,
			);
			runOnlyForDeploymentPostprocessing = 0;
		};
/* End PBXResourcesBuildPhase section */

/* Begin PBXSourcesBuildPhase section */
		8C7EAC7718E00C02009D6171 /* Sources */ = {
			isa = PBXSourcesBuildPhase;
			buildActionMask = 2147483647;
			files = (
				8C72B31F18E2B06100A2D90D /* OrderData.m in Sources */,
				8C7EAC9518E00C02009D6171 /* ViewController.m in Sources */,
				8C7EACBD18E016E5009D6171 /* ProductList.m in Sources */,
				8C7EACB718E0125D009D6171 /* ProductCell.m in Sources */,
				8C7EAC8F18E00C02009D6171 /* AppDelegate.m in Sources */,
				8C7EAC8B18E00C02009D6171 /* main.m in Sources */,
			);
			runOnlyForDeploymentPostprocessing = 0;
		};
		8C7EAC9818E00C02009D6171 /* Sources */ = {
			isa = PBXSourcesBuildPhase;
			buildActionMask = 2147483647;
			files = (
				8C7EACAA18E00C02009D6171 /* readyProductListTests.m in Sources */,
			);
			runOnlyForDeploymentPostprocessing = 0;
		};
/* End PBXSourcesBuildPhase section */

/* Begin PBXTargetDependency section */
		8C7EACA218E00C02009D6171 /* PBXTargetDependency */ = {
			isa = PBXTargetDependency;
			target = 8C7EAC7A18E00C02009D6171 /* readyProductList */;
			targetProxy = 8C7EACA118E00C02009D6171 /* PBXContainerItemProxy */;
		};
/* End PBXTargetDependency section */

/* Begin PBXVariantGroup section */
		8C7EAC8718E00C02009D6171 /* InfoPlist.strings */ = {
			isa = PBXVariantGroup;
			children = (
				8C7EAC8818E00C02009D6171 /* en */,
			);
			name = InfoPlist.strings;
			sourceTree = "<group>";
		};
		8C7EAC9018E00C02009D6171 /* Main.storyboard */ = {
			isa = PBXVariantGroup;
			children = (
				8C7EAC9118E00C02009D6171 /* Base */,
			);
			name = Main.storyboard;
			sourceTree = "<group>";
		};
		8C7EACA618E00C02009D6171 /* InfoPlist.strings */ = {
			isa = PBXVariantGroup;
			children = (
				8C7EACA718E00C02009D6171 /* en */,
			);
			name = InfoPlist.strings;
			sourceTree = "<group>";
		};
/* End PBXVariantGroup section */

/* Begin XCBuildConfiguration section */
		8C7EACAB18E00C02009D6171 /* Debug */ = {
			isa = XCBuildConfiguration;
			buildSettings = {
				ALWAYS_SEARCH_USER_PATHS = NO;
				CLANG_CXX_LANGUAGE_STANDARD = "gnu++0x";
				CLANG_CXX_LIBRARY = "libc++";
				CLANG_ENABLE_MODULES = YES;
				CLANG_ENABLE_OBJC_ARC = YES;
				CLANG_WARN_BOOL_CONVERSION = YES;
				CLANG_WARN_CONSTANT_CONVERSION = YES;
				CLANG_WARN_DIRECT_OBJC_ISA_USAGE = YES_ERROR;
				CLANG_WARN_EMPTY_BODY = YES;
				CLANG_WARN_ENUM_CONVERSION = YES;
				CLANG_WARN_INT_CONVERSION = YES;
				CLANG_WARN_OBJC_ROOT_CLASS = YES_ERROR;
				CLANG_WARN__DUPLICATE_METHOD_MATCH = YES;
				"CODE_SIGN_IDENTITY[sdk=iphoneos*]" = "iPhone Developer";
				COPY_PHASE_STRIP = NO;
				GCC_C_LANGUAGE_STANDARD = gnu99;
				GCC_DYNAMIC_NO_PIC = NO;
				GCC_OPTIMIZATION_LEVEL = 0;
				GCC_PREPROCESSOR_DEFINITIONS = (
					"DEBUG=1",
					"$(inherited)",
				);
				GCC_SYMBOLS_PRIVATE_EXTERN = NO;
				GCC_WARN_64_TO_32_BIT_CONVERSION = YES;
				GCC_WARN_ABOUT_RETURN_TYPE = YES_ERROR;
				GCC_WARN_UNDECLARED_SELECTOR = YES;
				GCC_WARN_UNINITIALIZED_AUTOS = YES_AGGRESSIVE;
				GCC_WARN_UNUSED_FUNCTION = YES;
				GCC_WARN_UNUSED_VARIABLE = YES;
				IPHONEOS_DEPLOYMENT_TARGET = 7.1;
				ONLY_ACTIVE_ARCH = YES;
				SDKROOT = iphoneos;
				TARGETED_DEVICE_FAMILY = 2;
			};
			name = Debug;
		};
		8C7EACAC18E00C02009D6171 /* Release */ = {
			isa = XCBuildConfiguration;
			buildSettings = {
				ALWAYS_SEARCH_USER_PATHS = NO;
				CLANG_CXX_LANGUAGE_STANDARD = "gnu++0x";
				CLANG_CXX_LIBRARY = "libc++";
				CLANG_ENABLE_MODULES = YES;
				CLANG_ENABLE_OBJC_ARC = YES;
				CLANG_WARN_BOOL_CONVERSION = YES;
				CLANG_WARN_CONSTANT_CONVERSION = YES;
				CLANG_WARN_DIRECT_OBJC_ISA_USAGE = YES_ERROR;
				CLANG_WARN_EMPTY_BODY = YES;
				CLANG_WARN_ENUM_CONVERSION = YES;
				CLANG_WARN_INT_CONVERSION = YES;
				CLANG_WARN_OBJC_ROOT_CLASS = YES_ERROR;
				CLANG_WARN__DUPLICATE_METHOD_MATCH = YES;
				"CODE_SIGN_IDENTITY[sdk=iphoneos*]" = "iPhone Developer";
				COPY_PHASE_STRIP = YES;
				ENABLE_NS_ASSERTIONS = NO;
				GCC_C_LANGUAGE_STANDARD = gnu99;
				GCC_WARN_64_TO_32_BIT_CONVERSION = YES;
				GCC_WARN_ABOUT_RETURN_TYPE = YES_ERROR;
				GCC_WARN_UNDECLARED_SELECTOR = YES;
				GCC_WARN_UNINITIALIZED_AUTOS = YES_AGGRESSIVE;
				GCC_WARN_UNUSED_FUNCTION = YES;
				GCC_WARN_UNUSED_VARIABLE = YES;
				IPHONEOS_DEPLOYMENT_TARGET = 7.1;
				SDKROOT = iphoneos;
				TARGETED_DEVICE_FAMILY = 2;
				VALIDATE_PRODUCT = YES;
			};
			name = Release;
		};
		8C7EACAE18E00C02009D6171 /* Debug */ = {
			isa = XCBuildConfiguration;
			buildSettings = {
				ASSETCATALOG_COMPILER_APPICON_NAME = AppIcon;
				ASSETCATALOG_COMPILER_LAUNCHIMAGE_NAME = LaunchImage;
				GCC_PRECOMPILE_PREFIX_HEADER = YES;
				GCC_PREFIX_HEADER = "readyProductList/readyProductList-Prefix.pch";
				INFOPLIST_FILE = "readyProductList/readyProductList-Info.plist";
				PRODUCT_NAME = "$(TARGET_NAME)";
				WRAPPER_EXTENSION = app;
			};
			name = Debug;
		};
		8C7EACAF18E00C02009D6171 /* Release */ = {
			isa = XCBuildConfiguration;
			buildSettings = {
				ASSETCATALOG_COMPILER_APPICON_NAME = AppIcon;
				ASSETCATALOG_COMPILER_LAUNCHIMAGE_NAME = LaunchImage;
				GCC_PRECOMPILE_PREFIX_HEADER = YES;
				GCC_PREFIX_HEADER = "readyProductList/readyProductList-Prefix.pch";
				INFOPLIST_FILE = "readyProductList/readyProductList-Info.plist";
				PRODUCT_NAME = "$(TARGET_NAME)";
				WRAPPER_EXTENSION = app;
			};
			name = Release;
		};
		8C7EACB118E00C02009D6171 /* Debug */ = {
			isa = XCBuildConfiguration;
			buildSettings = {
				BUNDLE_LOADER = "$(BUILT_PRODUCTS_DIR)/readyProductList.app/readyProductList";
				FRAMEWORK_SEARCH_PATHS = (
					"$(SDKROOT)/Developer/Library/Frameworks",
					"$(inherited)",
					"$(DEVELOPER_FRAMEWORKS_DIR)",
				);
				GCC_PRECOMPILE_PREFIX_HEADER = YES;
				GCC_PREFIX_HEADER = "readyProductList/readyProductList-Prefix.pch";
				GCC_PREPROCESSOR_DEFINITIONS = (
					"DEBUG=1",
					"$(inherited)",
				);
				INFOPLIST_FILE = "readyProductListTests/readyProductListTests-Info.plist";
				PRODUCT_NAME = "$(TARGET_NAME)";
				TEST_HOST = "$(BUNDLE_LOADER)";
				WRAPPER_EXTENSION = xctest;
			};
			name = Debug;
		};
		8C7EACB218E00C02009D6171 /* Release */ = {
			isa = XCBuildConfiguration;
			buildSettings = {
				BUNDLE_LOADER = "$(BUILT_PRODUCTS_DIR)/readyProductList.app/readyProductList";
				FRAMEWORK_SEARCH_PATHS = (
					"$(SDKROOT)/Developer/Library/Frameworks",
					"$(inherited)",
					"$(DEVELOPER_FRAMEWORKS_DIR)",
				);
				GCC_PRECOMPILE_PREFIX_HEADER = YES;
				GCC_PREFIX_HEADER = "readyProductList/readyProductList-Prefix.pch";
				INFOPLIST_FILE = "readyProductListTests/readyProductListTests-Info.plist";
				PRODUCT_NAME = "$(TARGET_NAME)";
				TEST_HOST = "$(BUNDLE_LOADER)";
				WRAPPER_EXTENSION = xctest;
			};
			name = Release;
		};
/* End XCBuildConfiguration section */

/* Begin XCConfigurationList section */
		8C7EAC7618E00C02009D6171 /* Build configuration list for PBXProject "readyProductList" */ = {
			isa = XCConfigurationList;
			buildConfigurations = (
				8C7EACAB18E00C02009D6171 /* Debug */,
				8C7EACAC18E00C02009D6171 /* Release */,
			);
			defaultConfigurationIsVisible = 0;
			defaultConfigurationName = Release;
		};
		8C7EACAD18E00C02009D6171 /* Build configuration list for PBXNativeTarget "readyProductList" */ = {
			isa = XCConfigurationList;
			buildConfigurations = (
				8C7EACAE18E00C02009D6171 /* Debug */,
				8C7EACAF18E00C02009D6171 /* Release */,
			);
			defaultConfigurationIsVisible = 0;
			defaultConfigurationName = Release;
		};
		8C7EACB018E00C02009D6171 /* Build configuration list for PBXNativeTarget "readyProductListTests" */ = {
			isa = XCConfigurationList;
			buildConfigurations = (
				8C7EACB118E00C02009D6171 /* Debug */,
				8C7EACB218E00C02009D6171 /* Release */,
			);
			defaultConfigurationIsVisible = 0;
			defaultConfigurationName = Release;
		};
/* End XCConfigurationList section */
	};
	rootObject = 8C7EAC7318E00C02009D6171 /* Project object */;
}
